
Microsoft Visual Studio Solution File, Format Version 12.00
# Visual Studio 2012
Project("{FAE04EC0-301F-11D3-BF4B-00C04F79EFBC}") = "Minnox.WebInterface", "Minnox.WebInterface\Minnox.WebInterface.csproj", "{A1F6A123-3439-4E44-A2B7-68E7B1B13D0B}"
EndProject
Global
	GlobalSection(SolutionConfigurationPlatforms) = preSolution
		Debug|Any CPU = Debug|Any CPU
		Release|Any CPU = Release|Any CPU
	EndGlobalSection
	GlobalSection(ProjectConfigurationPlatforms) = postSolution
		{A1F6A123-3439-4E44-A2B7-68E7B1B13D0B}.Debug|Any CPU.ActiveCfg = Debug|Any CPU
		{A1F6A123-3439-4E44-A2B7-68E7B1B13D0B}.Debug|Any CPU.Build.0 = Debug|Any CPU
		{A1F6A123-3439-4E44-A2B7-68E7B1B13D0B}.Release|Any CPU.ActiveCfg = Release|Any CPU
		{A1F6A123-3439-4E44-A2B7-68E7B1B13D0B}.Release|Any CPU.Build.0 = Release|Any CPU
	EndGlobalSection
	GlobalSection(SolutionProperties) = preSolution
		HideSolutionNode = FALSE
	EndGlobalSection
EndGlobal
