
Microsoft Visual Studio Solution File, Format Version 12.00
# Visual Studio 14
VisualStudioVersion = 14.0.21901.1
MinimumVisualStudioVersion = 10.0.40219.1
Project("{FAE04EC0-301F-11D3-BF4B-00C04F79EFBC}") = "CommandMessenger", "CommandMessenger\CommandMessenger.csproj", "{3CF8F8FC-6F5C-46F8-94DC-C2E4C505ECA4}"
EndProject
Project("{FAE04EC0-301F-11D3-BF4B-00C04F79EFBC}") = "Minnox.Server", "Minnox.Server\Minnox.Server.csproj", "{92FE00F8-99C5-412F-B2A5-EDC6DD2CBAA7}"
EndProject
Project("{FAE04EC0-301F-11D3-BF4B-00C04F79EFBC}") = "NETMF.XBee", "NETMF.XBee\NETMF.XBee.csproj", "{C08D0ADD-B429-4C49-9737-F3FF0FD96DC3}"
EndProject
Project("{FAE04EC0-301F-11D3-BF4B-00C04F79EFBC}") = "Minnox.Server.Tests", "Minnox.Server.Tests\Minnox.Server.Tests.csproj", "{DECA9E31-530C-4163-BD9E-3B7F15C94EA7}"
EndProject
Global
	GlobalSection(SolutionConfigurationPlatforms) = preSolution
		Debug|Any CPU = Debug|Any CPU
		Release|Any CPU = Release|Any CPU
	EndGlobalSection
	GlobalSection(ProjectConfigurationPlatforms) = postSolution
		{3CF8F8FC-6F5C-46F8-94DC-C2E4C505ECA4}.Debug|Any CPU.ActiveCfg = Debug|Any CPU
		{3CF8F8FC-6F5C-46F8-94DC-C2E4C505ECA4}.Debug|Any CPU.Build.0 = Debug|Any CPU
		{3CF8F8FC-6F5C-46F8-94DC-C2E4C505ECA4}.Release|Any CPU.ActiveCfg = Release|Any CPU
		{3CF8F8FC-6F5C-46F8-94DC-C2E4C505ECA4}.Release|Any CPU.Build.0 = Release|Any CPU
		{92FE00F8-99C5-412F-B2A5-EDC6DD2CBAA7}.Debug|Any CPU.ActiveCfg = Debug|Any CPU
		{92FE00F8-99C5-412F-B2A5-EDC6DD2CBAA7}.Debug|Any CPU.Build.0 = Debug|Any CPU
		{92FE00F8-99C5-412F-B2A5-EDC6DD2CBAA7}.Release|Any CPU.ActiveCfg = Release|Any CPU
		{92FE00F8-99C5-412F-B2A5-EDC6DD2CBAA7}.Release|Any CPU.Build.0 = Release|Any CPU
		{C08D0ADD-B429-4C49-9737-F3FF0FD96DC3}.Debug|Any CPU.ActiveCfg = Debug|Any CPU
		{C08D0ADD-B429-4C49-9737-F3FF0FD96DC3}.Debug|Any CPU.Build.0 = Debug|Any CPU
		{C08D0ADD-B429-4C49-9737-F3FF0FD96DC3}.Release|Any CPU.ActiveCfg = Release|Any CPU
		{C08D0ADD-B429-4C49-9737-F3FF0FD96DC3}.Release|Any CPU.Build.0 = Release|Any CPU
		{DECA9E31-530C-4163-BD9E-3B7F15C94EA7}.Debug|Any CPU.ActiveCfg = Debug|Any CPU
		{DECA9E31-530C-4163-BD9E-3B7F15C94EA7}.Debug|Any CPU.Build.0 = Debug|Any CPU
		{DECA9E31-530C-4163-BD9E-3B7F15C94EA7}.Release|Any CPU.ActiveCfg = Release|Any CPU
		{DECA9E31-530C-4163-BD9E-3B7F15C94EA7}.Release|Any CPU.Build.0 = Release|Any CPU
	EndGlobalSection
	GlobalSection(SolutionProperties) = preSolution
		HideSolutionNode = FALSE
	EndGlobalSection
EndGlobal
